{
  "requires": true,
  "lockfileVersion": 1,
  "dependencies": {
    "ngx-bootstrap": {
      "version": "4.0.1",
      "resolved": "https://registry.npmjs.org/ngx-bootstrap/-/ngx-bootstrap-4.0.1.tgz",
      "integrity": "sha512-1O30RTmKO66F8+z5n3V+Y2/aZDhMjt4Se8dobTWmB7un9bJWovx7BQjjNqa0BsssA47LvqEnExNLhoTlSlE30A=="
    }
  }
}
